
Microsoft Visual Studio Solution File, Format Version 10.00
# Visual Studio 2008
Project("{FAE04EC0-301F-11D3-BF4B-00C04F79EFBC}") = "Client_PC", "Client_PC\Client_PC.csproj", "{E143733F-FAD4-465E-A1DC-F9F464E83CFA}"
EndProject
Global
	GlobalSection(SolutionConfigurationPlatforms) = preSolution
		Debug|Any CPU = Debug|Any CPU
		Release|Any CPU = Release|Any CPU
	EndGlobalSection
	GlobalSection(ProjectConfigurationPlatforms) = postSolution
		{E143733F-FAD4-465E-A1DC-F9F464E83CFA}.Debug|Any CPU.ActiveCfg = Debug|Any CPU
		{E143733F-FAD4-465E-A1DC-F9F464E83CFA}.Debug|Any CPU.Build.0 = Debug|Any CPU
		{E143733F-FAD4-465E-A1DC-F9F464E83CFA}.Release|Any CPU.ActiveCfg = Release|Any CPU
		{E143733F-FAD4-465E-A1DC-F9F464E83CFA}.Release|Any CPU.Build.0 = Release|Any CPU
	EndGlobalSection
	GlobalSection(SolutionProperties) = preSolution
		HideSolutionNode = FALSE
	EndGlobalSection
EndGlobal
